
Microsoft Visual Studio Solution File, Format Version 12.00
# Visual Studio Version 16
VisualStudioVersion = 16.0.31702.278
MinimumVisualStudioVersion = 10.0.40219.1
Project("{FAE04EC0-301F-11D3-BF4B-00C04F79EFBC}") = "WebApplication1", "WebApplication1\WebApplication1.csproj", "{1244D70C-61D1-4F8F-A89B-D7EBF9648C10}"
EndProject
Global
	GlobalSection(SolutionConfigurationPlatforms) = preSolution
		Debug|Any CPU = Debug|Any CPU
		Release|Any CPU = Release|Any CPU
	EndGlobalSection
	GlobalSection(ProjectConfigurationPlatforms) = postSolution
		{1244D70C-61D1-4F8F-A89B-D7EBF9648C10}.Debug|Any CPU.ActiveCfg = Debug|Any CPU
		{1244D70C-61D1-4F8F-A89B-D7EBF9648C10}.Debug|Any CPU.Build.0 = Debug|Any CPU
		{1244D70C-61D1-4F8F-A89B-D7EBF9648C10}.Release|Any CPU.ActiveCfg = Release|Any CPU
		{1244D70C-61D1-4F8F-A89B-D7EBF9648C10}.Release|Any CPU.Build.0 = Release|Any CPU
	EndGlobalSection
	GlobalSection(SolutionProperties) = preSolution
		HideSolutionNode = FALSE
	EndGlobalSection
	GlobalSection(ExtensibilityGlobals) = postSolution
		SolutionGuid = {3C66895F-5068-4B01-AC77-BA3CD60FC349}
	EndGlobalSection
EndGlobal
